// !$*UTF8*$!
{
	archiveVersion = 1;
	classes = {
	};
	objectVersion = 51;
	objects = {

/* Begin PBXBuildFile section */
		80B19F5EA69A16AE35B6EB75 /* Pods_API_Consumption_Sample.framework in Frameworks */ = {isa = PBXBuildFile; fileRef = 9BF9E41B2C90FD1B71A99ABF /* Pods_API_Consumption_Sample.framework */; };
		AE0F9BC825A397E000B44A0C /* AppDelegate.swift in Sources */ = {isa = PBXBuildFile; fileRef = AE0F9BC725A397E000B44A0C /* AppDelegate.swift */; };
		AE0F9BCA25A397E000B44A0C /* SceneDelegate.swift in Sources */ = {isa = PBXBuildFile; fileRef = AE0F9BC925A397E000B44A0C /* SceneDelegate.swift */; };
		AE0F9BCC25A397E000B44A0C /* EventsViewController.swift in Sources */ = {isa = PBXBuildFile; fileRef = AE0F9BCB25A397E000B44A0C /* EventsViewController.swift */; };
		AE0F9BCF25A397E000B44A0C /* Main.storyboard in Resources */ = {isa = PBXBuildFile; fileRef = AE0F9BCD25A397E000B44A0C /* Main.storyboard */; };
		AE0F9BD125A397E100B44A0C /* Assets.xcassets in Resources */ = {isa = PBXBuildFile; fileRef = AE0F9BD025A397E100B44A0C /* Assets.xcassets */; };
		AE0F9BD425A397E100B44A0C /* LaunchScreen.storyboard in Resources */ = {isa = PBXBuildFile; fileRef = AE0F9BD225A397E100B44A0C /* LaunchScreen.storyboard */; };
		AEE3926925A39B7A0083DD58 /* Event.swift in Sources */ = {isa = PBXBuildFile; fileRef = AEE3926825A39B7A0083DD58 /* Event.swift */; };
		AEE3927125A39C360083DD58 /* EventDetailStoryboard.storyboard in Resources */ = {isa = PBXBuildFile; fileRef = AEE3927025A39C360083DD58 /* EventDetailStoryboard.storyboard */; };
		AEE3927425A39C420083DD58 /* EventDetailViewController.swift in Sources */ = {isa = PBXBuildFile; fileRef = AEE3927325A39C420083DD58 /* EventDetailViewController.swift */; };
		AEE3927925A39CB80083DD58 /* EventCell.swift in Sources */ = {isa = PBXBuildFile; fileRef = AEE3927725A39CB80083DD58 /* EventCell.swift */; };
		AEE3927A25A39CB80083DD58 /* EventCell.xib in Resources */ = {isa = PBXBuildFile; fileRef = AEE3927825A39CB80083DD58 /* EventCell.xib */; };
/* End PBXBuildFile section */

/* Begin PBXFileReference section */
		5BB373D63D9FD68BB3E861DA /* Pods-API Consumption Sample.release.xcconfig */ = {isa = PBXFileReference; includeInIndex = 1; lastKnownFileType = text.xcconfig; name = "Pods-API Consumption Sample.release.xcconfig"; path = "Target Support Files/Pods-API Consumption Sample/Pods-API Consumption Sample.release.xcconfig"; sourceTree = "<group>"; };
		6154CB593561B19865F4BCE5 /* Pods-API Consumption Sample.debug.xcconfig */ = {isa = PBXFileReference; includeInIndex = 1; lastKnownFileType = text.xcconfig; name = "Pods-API Consumption Sample.debug.xcconfig"; path = "Target Support Files/Pods-API Consumption Sample/Pods-API Consumption Sample.debug.xcconfig"; sourceTree = "<group>"; };
		9BF9E41B2C90FD1B71A99ABF /* Pods_API_Consumption_Sample.framework */ = {isa = PBXFileReference; explicitFileType = wrapper.framework; includeInIndex = 0; path = Pods_API_Consumption_Sample.framework; sourceTree = BUILT_PRODUCTS_DIR; };
		AE0F9BC425A397E000B44A0C /* API Consumption Sample.app */ = {isa = PBXFileReference; explicitFileType = wrapper.application; includeInIndex = 0; path = "API Consumption Sample.app"; sourceTree = BUILT_PRODUCTS_DIR; };
		AE0F9BC725A397E000B44A0C /* AppDelegate.swift */ = {isa = PBXFileReference; lastKnownFileType = sourcecode.swift; path = AppDelegate.swift; sourceTree = "<group>"; };
		AE0F9BC925A397E000B44A0C /* SceneDelegate.swift */ = {isa = PBXFileReference; lastKnownFileType = sourcecode.swift; path = SceneDelegate.swift; sourceTree = "<group>"; };
		AE0F9BCB25A397E000B44A0C /* EventsViewController.swift */ = {isa = PBXFileReference; lastKnownFileType = sourcecode.swift; path = EventsViewController.swift; sourceTree = "<group>"; };
		AE0F9BCE25A397E000B44A0C /* Base */ = {isa = PBXFileReference; lastKnownFileType = file.storyboard; name = Base; path = Base.lproj/Main.storyboard; sourceTree = "<group>"; };
		AE0F9BD025A397E100B44A0C /* Assets.xcassets */ = {isa = PBXFileReference; lastKnownFileType = folder.assetcatalog; path = Assets.xcassets; sourceTree = "<group>"; };
		AE0F9BD325A397E100B44A0C /* Base */ = {isa = PBXFileReference; lastKnownFileType = file.storyboard; name = Base; path = Base.lproj/LaunchScreen.storyboard; sourceTree = "<group>"; };
		AE0F9BD525A397E100B44A0C /* Info.plist */ = {isa = PBXFileReference; lastKnownFileType = text.plist.xml; path = Info.plist; sourceTree = "<group>"; };
		AEE3926825A39B7A0083DD58 /* Event.swift */ = {isa = PBXFileReference; lastKnownFileType = sourcecode.swift; path = Event.swift; sourceTree = "<group>"; };
		AEE3927025A39C360083DD58 /* EventDetailStoryboard.storyboard */ = {isa = PBXFileReference; lastKnownFileType = file.storyboard; path = EventDetailStoryboard.storyboard; sourceTree = "<group>"; };
		AEE3927325A39C420083DD58 /* EventDetailViewController.swift */ = {isa = PBXFileReference; lastKnownFileType = sourcecode.swift; path = EventDetailViewController.swift; sourceTree = "<group>"; };
		AEE3927725A39CB80083DD58 /* EventCell.swift */ = {isa = PBXFileReference; lastKnownFileType = sourcecode.swift; path = EventCell.swift; sourceTree = "<group>"; };
		AEE3927825A39CB80083DD58 /* EventCell.xib */ = {isa = PBXFileReference; lastKnownFileType = file.xib; path = EventCell.xib; sourceTree = "<group>"; };
/* End PBXFileReference section */

/* Begin PBXFrameworksBuildPhase section */
		AE0F9BC125A397E000B44A0C /* Frameworks */ = {
			isa = PBXFrameworksBuildPhase;
			buildActionMask = 2147483647;
			files = (
				80B19F5EA69A16AE35B6EB75 /* Pods_API_Consumption_Sample.framework in Frameworks */,
			);
			runOnlyForDeploymentPostprocessing = 0;
		};
/* End PBXFrameworksBuildPhase section */

/* Begin PBXGroup section */
		5662C08B4F32562F031B44D2 /* Frameworks */ = {
			isa = PBXGroup;
			children = (
				9BF9E41B2C90FD1B71A99ABF /* Pods_API_Consumption_Sample.framework */,
			);
			name = Frameworks;
			sourceTree = "<group>";
		};
		911916721AD31CF9F1536807 /* Pods */ = {
			isa = PBXGroup;
			children = (
				6154CB593561B19865F4BCE5 /* Pods-API Consumption Sample.debug.xcconfig */,
				5BB373D63D9FD68BB3E861DA /* Pods-API Consumption Sample.release.xcconfig */,
			);
			path = Pods;
			sourceTree = "<group>";
		};
		AE0F9BBB25A397E000B44A0C = {
			isa = PBXGroup;
			children = (
				AE0F9BC625A397E000B44A0C /* API Consumption Sample */,
				AE0F9BC525A397E000B44A0C /* Products */,
				911916721AD31CF9F1536807 /* Pods */,
				5662C08B4F32562F031B44D2 /* Frameworks */,
			);
			sourceTree = "<group>";
		};
		AE0F9BC525A397E000B44A0C /* Products */ = {
			isa = PBXGroup;
			children = (
				AE0F9BC425A397E000B44A0C /* API Consumption Sample.app */,
			);
			name = Products;
			sourceTree = "<group>";
		};
		AE0F9BC625A397E000B44A0C /* API Consumption Sample */ = {
			isa = PBXGroup;
			children = (
				AEE3926D25A39BF60083DD58 /* Event TableView */,
				AEE3926F25A39C150083DD58 /* Event Details */,
				AEE3926725A39B6E0083DD58 /* Models */,
				AEE3927625A39C920083DD58 /* Cell */,
				AEE3926B25A39B8B0083DD58 /* Default Delegates */,
				AE0F9BD025A397E100B44A0C /* Assets.xcassets */,
				AE0F9BD225A397E100B44A0C /* LaunchScreen.storyboard */,
				AE0F9BD525A397E100B44A0C /* Info.plist */,
			);
			path = "API Consumption Sample";
			sourceTree = "<group>";
		};
		AEE3926725A39B6E0083DD58 /* Models */ = {
			isa = PBXGroup;
			children = (
				AEE3926825A39B7A0083DD58 /* Event.swift */,
			);
			path = Models;
			sourceTree = "<group>";
		};
		AEE3926B25A39B8B0083DD58 /* Default Delegates */ = {
			isa = PBXGroup;
			children = (
				AE0F9BC725A397E000B44A0C /* AppDelegate.swift */,
				AE0F9BC925A397E000B44A0C /* SceneDelegate.swift */,
			);
			path = "Default Delegates";
			sourceTree = "<group>";
		};
		AEE3926D25A39BF60083DD58 /* Event TableView */ = {
			isa = PBXGroup;
			children = (
				AE0F9BCB25A397E000B44A0C /* EventsViewController.swift */,
				AE0F9BCD25A397E000B44A0C /* Main.storyboard */,
			);
			path = "Event TableView";
			sourceTree = "<group>";
		};
		AEE3926F25A39C150083DD58 /* Event Details */ = {
			isa = PBXGroup;
			children = (
				AEE3927025A39C360083DD58 /* EventDetailStoryboard.storyboard */,
				AEE3927325A39C420083DD58 /* EventDetailViewController.swift */,
			);
			path = "Event Details";
			sourceTree = "<group>";
		};
		AEE3927625A39C920083DD58 /* Cell */ = {
			isa = PBXGroup;
			children = (
				AEE3927725A39CB80083DD58 /* EventCell.swift */,
				AEE3927825A39CB80083DD58 /* EventCell.xib */,
			);
			path = Cell;
			sourceTree = "<group>";
		};
/* End PBXGroup section */

/* Begin PBXNativeTarget section */
		AE0F9BC325A397E000B44A0C /* API Consumption Sample */ = {
			isa = PBXNativeTarget;
			buildConfigurationList = AE0F9BD825A397E100B44A0C /* Build configuration list for PBXNativeTarget "API Consumption Sample" */;
			buildPhases = (
				5BE7294CBBD604C4C0FCBDF3 /* [CP] Check Pods Manifest.lock */,
				AE0F9BC025A397E000B44A0C /* Sources */,
				AE0F9BC125A397E000B44A0C /* Frameworks */,
				AE0F9BC225A397E000B44A0C /* Resources */,
				B9C1DF32A788FE026D8A5C53 /* [CP] Embed Pods Frameworks */,
			);
			buildRules = (
			);
			dependencies = (
			);
			name = "API Consumption Sample";
			productName = "API Consumption Sample";
			productReference = AE0F9BC425A397E000B44A0C /* API Consumption Sample.app */;
			productType = "com.apple.product-type.application";
		};
/* End PBXNativeTarget section */

/* Begin PBXProject section */
		AE0F9BBC25A397E000B44A0C /* Project object */ = {
			isa = PBXProject;
			attributes = {
				LastSwiftUpdateCheck = 1230;
				LastUpgradeCheck = 1230;
				TargetAttributes = {
					AE0F9BC325A397E000B44A0C = {
						CreatedOnToolsVersion = 12.3;
					};
				};
			};
			buildConfigurationList = AE0F9BBF25A397E000B44A0C /* Build configuration list for PBXProject "API Consumption Sample" */;
			compatibilityVersion = "Xcode 9.3";
			developmentRegion = en;
			hasScannedForEncodings = 0;
			knownRegions = (
				en,
				Base,
			);
			mainGroup = AE0F9BBB25A397E000B44A0C;
			productRefGroup = AE0F9BC525A397E000B44A0C /* Products */;
			projectDirPath = "";
			projectRoot = "";
			targets = (
				AE0F9BC325A397E000B44A0C /* API Consumption Sample */,
			);
		};
/* End PBXProject section */

/* Begin PBXResourcesBuildPhase section */
		AE0F9BC225A397E000B44A0C /* Resources */ = {
			isa = PBXResourcesBuildPhase;
			buildActionMask = 2147483647;
			files = (
				AE0F9BD425A397E100B44A0C /* LaunchScreen.storyboard in Resources */,
				AE0F9BD125A397E100B44A0C /* Assets.xcassets in Resources */,
				AEE3927125A39C360083DD58 /* EventDetailStoryboard.storyboard in Resources */,
				AEE3927A25A39CB80083DD58 /* EventCell.xib in Resources */,
				AE0F9BCF25A397E000B44A0C /* Main.storyboard in Resources */,
			);
			runOnlyForDeploymentPostprocessing = 0;
		};
/* End PBXResourcesBuildPhase section */

/* Begin PBXShellScriptBuildPhase section */
		5BE7294CBBD604C4C0FCBDF3 /* [CP] Check Pods Manifest.lock */ = {
			isa = PBXShellScriptBuildPhase;
			buildActionMask = 2147483647;
			files = (
			);
			inputFileListPaths = (
			);
			inputPaths = (
				"${PODS_PODFILE_DIR_PATH}/Podfile.lock",
				"${PODS_ROOT}/Manifest.lock",
			);
			name = "[CP] Check Pods Manifest.lock";
			outputFileListPaths = (
			);
			outputPaths = (
				"$(DERIVED_FILE_DIR)/Pods-API Consumption Sample-checkManifestLockResult.txt",
			);
			runOnlyForDeploymentPostprocessing = 0;
			shellPath = /bin/sh;
			shellScript = "diff \"${PODS_PODFILE_DIR_PATH}/Podfile.lock\" \"${PODS_ROOT}/Manifest.lock\" > /dev/null\nif [ $? != 0 ] ; then\n    # print error to STDERR\n    echo \"error: The sandbox is not in sync with the Podfile.lock. Run 'pod install' or update your CocoaPods installation.\" >&2\n    exit 1\nfi\n# This output is used by Xcode 'outputs' to avoid re-running this script phase.\necho \"SUCCESS\" > \"${SCRIPT_OUTPUT_FILE_0}\"\n";
			showEnvVarsInLog = 0;
		};
		B9C1DF32A788FE026D8A5C53 /* [CP] Embed Pods Frameworks */ = {
			isa = PBXShellScriptBuildPhase;
			buildActionMask = 2147483647;
			files = (
			);
			inputFileListPaths = (
				"${PODS_ROOT}/Target Support Files/Pods-API Consumption Sample/Pods-API Consumption Sample-frameworks-${CONFIGURATION}-input-files.xcfilelist",
			);
			name = "[CP] Embed Pods Frameworks";
			outputFileListPaths = (
				"${PODS_ROOT}/Target Support Files/Pods-API Consumption Sample/Pods-API Consumption Sample-frameworks-${CONFIGURATION}-output-files.xcfilelist",
			);
			runOnlyForDeploymentPostprocessing = 0;
			shellPath = /bin/sh;
			shellScript = "\"${PODS_ROOT}/Target Support Files/Pods-API Consumption Sample/Pods-API Consumption Sample-frameworks.sh\"\n";
			showEnvVarsInLog = 0;
		};
/* End PBXShellScriptBuildPhase section */

/* Begin PBXSourcesBuildPhase section */
		AE0F9BC025A397E000B44A0C /* Sources */ = {
			isa = PBXSourcesBuildPhase;
			buildActionMask = 2147483647;
			files = (
				AEE3926925A39B7A0083DD58 /* Event.swift in Sources */,
				AEE3927425A39C420083DD58 /* EventDetailViewController.swift in Sources */,
				AE0F9BCC25A397E000B44A0C /* EventsViewController.swift in Sources */,
				AE0F9BC825A397E000B44A0C /* AppDelegate.swift in Sources */,
				AEE3927925A39CB80083DD58 /* EventCell.swift in Sources */,
				AE0F9BCA25A397E000B44A0C /* SceneDelegate.swift in Sources */,
			);
			runOnlyForDeploymentPostprocessing = 0;
		};
/* End PBXSourcesBuildPhase section */

/* Begin PBXVariantGroup section */
		AE0F9BCD25A397E000B44A0C /* Main.storyboard */ = {
			isa = PBXVariantGroup;
			children = (
				AE0F9BCE25A397E000B44A0C /* Base */,
			);
			name = Main.storyboard;
			sourceTree = "<group>";
		};
		AE0F9BD225A397E100B44A0C /* LaunchScreen.storyboard */ = {
			isa = PBXVariantGroup;
			children = (
				AE0F9BD325A397E100B44A0C /* Base */,
			);
			name = LaunchScreen.storyboard;
			sourceTree = "<group>";
		};
/* End PBXVariantGroup section */

/* Begin XCBuildConfiguration section */
		AE0F9BD625A397E100B44A0C /* Debug */ = {
			isa = XCBuildConfiguration;
			buildSettings = {
				ALWAYS_SEARCH_USER_PATHS = NO;
				CLANG_ANALYZER_NONNULL = YES;
				CLANG_ANALYZER_NUMBER_OBJECT_CONVERSION = YES_AGGRESSIVE;
				CLANG_CXX_LANGUAGE_STANDARD = "gnu++14";
				CLANG_CXX_LIBRARY = "libc++";
				CLANG_ENABLE_MODULES = YES;
				CLANG_ENABLE_OBJC_ARC = YES;
				CLANG_ENABLE_OBJC_WEAK = YES;
				CLANG_WARN_BLOCK_CAPTURE_AUTORELEASING = YES;
				CLANG_WARN_BOOL_CONVERSION = YES;
				CLANG_WARN_COMMA = YES;
				CLANG_WARN_CONSTANT_CONVERSION = YES;
				CLANG_WARN_DEPRECATED_OBJC_IMPLEMENTATIONS = YES;
				CLANG_WARN_DIRECT_OBJC_ISA_USAGE = YES_ERROR;
				CLANG_WARN_DOCUMENTATION_COMMENTS = YES;
				CLANG_WARN_EMPTY_BODY = YES;
				CLANG_WARN_ENUM_CONVERSION = YES;
				CLANG_WARN_INFINITE_RECURSION = YES;
				CLANG_WARN_INT_CONVERSION = YES;
				CLANG_WARN_NON_LITERAL_NULL_CONVERSION = YES;
				CLANG_WARN_OBJC_IMPLICIT_RETAIN_SELF = YES;
				CLANG_WARN_OBJC_LITERAL_CONVERSION = YES;
				CLANG_WARN_OBJC_ROOT_CLASS = YES_ERROR;
				CLANG_WARN_QUOTED_INCLUDE_IN_FRAMEWORK_HEADER = YES;
				CLANG_WARN_RANGE_LOOP_ANALYSIS = YES;
				CLANG_WARN_STRICT_PROTOTYPES = YES;
				CLANG_WARN_SUSPICIOUS_MOVE = YES;
				CLANG_WARN_UNGUARDED_AVAILABILITY = YES_AGGRESSIVE;
				CLANG_WARN_UNREACHABLE_CODE = YES;
				CLANG_WARN__DUPLICATE_METHOD_MATCH = YES;
				COPY_PHASE_STRIP = NO;
				DEBUG_INFORMATION_FORMAT = dwarf;
				ENABLE_STRICT_OBJC_MSGSEND = YES;
				ENABLE_TESTABILITY = YES;
				GCC_C_LANGUAGE_STANDARD = gnu11;
				GCC_DYNAMIC_NO_PIC = NO;
				GCC_NO_COMMON_BLOCKS = YES;
				GCC_OPTIMIZATION_LEVEL = 0;
				GCC_PREPROCESSOR_DEFINITIONS = (
					"DEBUG=1",
					"$(inherited)",
				);
				GCC_WARN_64_TO_32_BIT_CONVERSION = YES;
				GCC_WARN_ABOUT_RETURN_TYPE = YES_ERROR;
				GCC_WARN_UNDECLARED_SELECTOR = YES;
				GCC_WARN_UNINITIALIZED_AUTOS = YES_AGGRESSIVE;
				GCC_WARN_UNUSED_FUNCTION = YES;
				GCC_WARN_UNUSED_VARIABLE = YES;
				IPHONEOS_DEPLOYMENT_TARGET = 12.0;
				MTL_ENABLE_DEBUG_INFO = INCLUDE_SOURCE;
				MTL_FAST_MATH = YES;
				ONLY_ACTIVE_ARCH = YES;
				SDKROOT = iphoneos;
				SWIFT_ACTIVE_COMPILATION_CONDITIONS = DEBUG;
				SWIFT_OPTIMIZATION_LEVEL = "-Onone";
			};
			name = Debug;
		};
		AE0F9BD725A397E100B44A0C /* Release */ = {
			isa = XCBuildConfiguration;
			buildSettings = {
				ALWAYS_SEARCH_USER_PATHS = NO;
				CLANG_ANALYZER_NONNULL = YES;
				CLANG_ANALYZER_NUMBER_OBJECT_CONVERSION = YES_AGGRESSIVE;
				CLANG_CXX_LANGUAGE_STANDARD = "gnu++14";
				CLANG_CXX_LIBRARY = "libc++";
				CLANG_ENABLE_MODULES = YES;
				CLANG_ENABLE_OBJC_ARC = YES;
				CLANG_ENABLE_OBJC_WEAK = YES;
				CLANG_WARN_BLOCK_CAPTURE_AUTORELEASING = YES;
				CLANG_WARN_BOOL_CONVERSION = YES;
				CLANG_WARN_COMMA = YES;
				CLANG_WARN_CONSTANT_CONVERSION = YES;
				CLANG_WARN_DEPRECATED_OBJC_IMPLEMENTATIONS = YES;
				CLANG_WARN_DIRECT_OBJC_ISA_USAGE = YES_ERROR;
				CLANG_WARN_DOCUMENTATION_COMMENTS = YES;
				CLANG_WARN_EMPTY_BODY = YES;
				CLANG_WARN_ENUM_CONVERSION = YES;
				CLANG_WARN_INFINITE_RECURSION = YES;
				CLANG_WARN_INT_CONVERSION = YES;
				CLANG_WARN_NON_LITERAL_NULL_CONVERSION = YES;
				CLANG_WARN_OBJC_IMPLICIT_RETAIN_SELF = YES;
				CLANG_WARN_OBJC_LITERAL_CONVERSION = YES;
				CLANG_WARN_OBJC_ROOT_CLASS = YES_ERROR;
				CLANG_WARN_QUOTED_INCLUDE_IN_FRAMEWORK_HEADER = YES;
				CLANG_WARN_RANGE_LOOP_ANALYSIS = YES;
				CLANG_WARN_STRICT_PROTOTYPES = YES;
				CLANG_WARN_SUSPICIOUS_MOVE = YES;
				CLANG_WARN_UNGUARDED_AVAILABILITY = YES_AGGRESSIVE;
				CLANG_WARN_UNREACHABLE_CODE = YES;
				CLANG_WARN__DUPLICATE_METHOD_MATCH = YES;
				COPY_PHASE_STRIP = NO;
				DEBUG_INFORMATION_FORMAT = "dwarf-with-dsym";
				ENABLE_NS_ASSERTIONS = NO;
				ENABLE_STRICT_OBJC_MSGSEND = YES;
				GCC_C_LANGUAGE_STANDARD = gnu11;
				GCC_NO_COMMON_BLOCKS = YES;
				GCC_WARN_64_TO_32_BIT_CONVERSION = YES;
				GCC_WARN_ABOUT_RETURN_TYPE = YES_ERROR;
				GCC_WARN_UNDECLARED_SELECTOR = YES;
				GCC_WARN_UNINITIALIZED_AUTOS = YES_AGGRESSIVE;
				GCC_WARN_UNUSED_FUNCTION = YES;
				GCC_WARN_UNUSED_VARIABLE = YES;
				IPHONEOS_DEPLOYMENT_TARGET = 12.0;
				MTL_ENABLE_DEBUG_INFO = NO;
				MTL_FAST_MATH = YES;
				SDKROOT = iphoneos;
				SWIFT_COMPILATION_MODE = wholemodule;
				SWIFT_OPTIMIZATION_LEVEL = "-O";
				VALIDATE_PRODUCT = YES;
			};
			name = Release;
		};
		AE0F9BD925A397E100B44A0C /* Debug */ = {
			isa = XCBuildConfiguration;
			baseConfigurationReference = 6154CB593561B19865F4BCE5 /* Pods-API Consumption Sample.debug.xcconfig */;
			buildSettings = {
				ASSETCATALOG_COMPILER_APPICON_NAME = AppIcon;
				ASSETCATALOG_COMPILER_GLOBAL_ACCENT_COLOR_NAME = AccentColor;
				CODE_SIGN_STYLE = Automatic;
				DEVELOPMENT_TEAM = KTT489CN3H;
				INFOPLIST_FILE = "API Consumption Sample/Info.plist";
				LD_RUNPATH_SEARCH_PATHS = (
					"$(inherited)",
					"@executable_path/Frameworks",
				);
				PRODUCT_BUNDLE_IDENTIFIER = "com.kaulfers.API-Consumption-Sample";
				PRODUCT_NAME = "$(TARGET_NAME)";
				SWIFT_VERSION = 5.0;
				TARGETED_DEVICE_FAMILY = 1;
			};
			name = Debug;
		};
		AE0F9BDA25A397E100B44A0C /* Release */ = {
			isa = XCBuildConfiguration;
			baseConfigurationReference = 5BB373D63D9FD68BB3E861DA /* Pods-API Consumption Sample.release.xcconfig */;
			buildSettings = {
				ASSETCATALOG_COMPILER_APPICON_NAME = AppIcon;
				ASSETCATALOG_COMPILER_GLOBAL_ACCENT_COLOR_NAME = AccentColor;
				CODE_SIGN_STYLE = Automatic;
				DEVELOPMENT_TEAM = KTT489CN3H;
				INFOPLIST_FILE = "API Consumption Sample/Info.plist";
				LD_RUNPATH_SEARCH_PATHS = (
					"$(inherited)",
					"@executable_path/Frameworks",
				);
				PRODUCT_BUNDLE_IDENTIFIER = "com.kaulfers.API-Consumption-Sample";
				PRODUCT_NAME = "$(TARGET_NAME)";
				SWIFT_VERSION = 5.0;
				TARGETED_DEVICE_FAMILY = 1;
			};
			name = Release;
		};
/* End XCBuildConfiguration section */

/* Begin XCConfigurationList section */
		AE0F9BBF25A397E000B44A0C /* Build configuration list for PBXProject "API Consumption Sample" */ = {
			isa = XCConfigurationList;
			buildConfigurations = (
				AE0F9BD625A397E100B44A0C /* Debug */,
				AE0F9BD725A397E100B44A0C /* Release */,
			);
			defaultConfigurationIsVisible = 0;
			defaultConfigurationName = Release;
		};
		AE0F9BD825A397E100B44A0C /* Build configuration list for PBXNativeTarget "API Consumption Sample" */ = {
			isa = XCConfigurationList;
			buildConfigurations = (
				AE0F9BD925A397E100B44A0C /* Debug */,
				AE0F9BDA25A397E100B44A0C /* Release */,
			);
			defaultConfigurationIsVisible = 0;
			defaultConfigurationName = Release;
		};
/* End XCConfigurationList section */
	};
	rootObject = AE0F9BBC25A397E000B44A0C /* Project object */;
}
